
Microsoft Visual Studio Solution File, Format Version 12.00
# Visual Studio Version 17
VisualStudioVersion = 17.13.35931.197 d17.13
MinimumVisualStudioVersion = 10.0.40219.1
Project("{FAE04EC0-301F-11D3-BF4B-00C04F79EFBC}") = "UntitledPinballFrontend", "UntitledPinballFrontend\UntitledPinballFrontend.csproj", "{3BCF7B5C-0A01-4FC1-822C-C3AEAAE61FEF}"
EndProject
Global
	GlobalSection(SolutionConfigurationPlatforms) = preSolution
		Debug|ARM64 = Debug|ARM64
		Debug|x64 = Debug|x64
		Debug|x86 = Debug|x86
		Release|ARM64 = Release|ARM64
		Release|x64 = Release|x64
		Release|x86 = Release|x86
	EndGlobalSection
	GlobalSection(ProjectConfigurationPlatforms) = postSolution
		{3BCF7B5C-0A01-4FC1-822C-C3AEAAE61FEF}.Debug|ARM64.ActiveCfg = Debug|ARM64
		{3BCF7B5C-0A01-4FC1-822C-C3AEAAE61FEF}.Debug|ARM64.Build.0 = Debug|ARM64
		{3BCF7B5C-0A01-4FC1-822C-C3AEAAE61FEF}.Debug|ARM64.Deploy.0 = Debug|ARM64
		{3BCF7B5C-0A01-4FC1-822C-C3AEAAE61FEF}.Debug|x64.ActiveCfg = Debug|x64
		{3BCF7B5C-0A01-4FC1-822C-C3AEAAE61FEF}.Debug|x64.Build.0 = Debug|x64
		{3BCF7B5C-0A01-4FC1-822C-C3AEAAE61FEF}.Debug|x64.Deploy.0 = Debug|x64
		{3BCF7B5C-0A01-4FC1-822C-C3AEAAE61FEF}.Debug|x86.ActiveCfg = Debug|x86
		{3BCF7B5C-0A01-4FC1-822C-C3AEAAE61FEF}.Debug|x86.Build.0 = Debug|x86
		{3BCF7B5C-0A01-4FC1-822C-C3AEAAE61FEF}.Debug|x86.Deploy.0 = Debug|x86
		{3BCF7B5C-0A01-4FC1-822C-C3AEAAE61FEF}.Release|ARM64.ActiveCfg = Release|ARM64
		{3BCF7B5C-0A01-4FC1-822C-C3AEAAE61FEF}.Release|ARM64.Build.0 = Release|ARM64
		{3BCF7B5C-0A01-4FC1-822C-C3AEAAE61FEF}.Release|ARM64.Deploy.0 = Release|ARM64
		{3BCF7B5C-0A01-4FC1-822C-C3AEAAE61FEF}.Release|x64.ActiveCfg = Release|x64
		{3BCF7B5C-0A01-4FC1-822C-C3AEAAE61FEF}.Release|x64.Build.0 = Release|x64
		{3BCF7B5C-0A01-4FC1-822C-C3AEAAE61FEF}.Release|x64.Deploy.0 = Release|x64
		{3BCF7B5C-0A01-4FC1-822C-C3AEAAE61FEF}.Release|x86.ActiveCfg = Release|x86
		{3BCF7B5C-0A01-4FC1-822C-C3AEAAE61FEF}.Release|x86.Build.0 = Release|x86
		{3BCF7B5C-0A01-4FC1-822C-C3AEAAE61FEF}.Release|x86.Deploy.0 = Release|x86
	EndGlobalSection
	GlobalSection(SolutionProperties) = preSolution
		HideSolutionNode = FALSE
	EndGlobalSection
	GlobalSection(ExtensibilityGlobals) = postSolution
		SolutionGuid = {83967CA4-BB61-42D6-96C6-6A7027AC3676}
	EndGlobalSection
EndGlobal
